{
  "nodes": {
    "actor-typeahead-src": {
      "flake": false,
      "locked": {
        "lastModified": 1762835797,
        "narHash": "sha256-heizoWUKDdar6ymfZTnj3ytcEv/L4d4fzSmtr0HlXsQ=",
        "ref": "refs/heads/main",
        "rev": "677fe7f743050a4e7f09d4a6f87bbf1325a06f6b",
        "revCount": 6,
        "type": "git",
        "url": "https://tangled.org/@jakelazaroff.com/actor-typeahead"
      },
      "original": {
        "type": "git",
        "url": "https://tangled.org/@jakelazaroff.com/actor-typeahead"
      }
    },
    "fenix": {
      "inputs": {
        "nixpkgs": [
          "nixpkgs"
        ],
        "rust-analyzer-src": "rust-analyzer-src"
      },
      "locked": {
        "lastModified": 1772176312,
        "narHash": "sha256-Yjo/QCJvY9GUhAzwac/m6Rx3oxvRyEaiT5DQ5o+T6g4=",
        "owner": "nix-community",
        "repo": "fenix",
        "rev": "92d91250c1acd59beabc51208192adc92f31aeb5",
        "type": "github"
      },
      "original": {
        "owner": "nix-community",
        "repo": "fenix",
        "type": "github"
      }
    },
    "flake-compat": {
      "flake": false,
      "locked": {
        "lastModified": 1751685974,
        "narHash": "sha256-NKw96t+BgHIYzHUjkTK95FqYRVKB8DHpVhefWSz/kTw=",
        "rev": "549f2762aebeff29a2e5ece7a7dc0f955281a1d1",
        "type": "tarball",
        "url": "https://git.lix.systems/api/v1/repos/lix-project/flake-compat/archive/549f2762aebeff29a2e5ece7a7dc0f955281a1d1.tar.gz?rev=549f2762aebeff29a2e5ece7a7dc0f955281a1d1"
      },
      "original": {
        "type": "tarball",
        "url": "https://git.lix.systems/lix-project/flake-compat/archive/main.tar.gz"
      }
    },
    "flake-utils": {
      "inputs": {
        "systems": "systems"
      },
      "locked": {
        "lastModified": 1731533236,
        "narHash": "sha256-l0KFg5HjrsfsO/JpG+r7fRrqm12kzFHyUHqHCVpMMbI=",
        "owner": "numtide",
        "repo": "flake-utils",
        "rev": "11707dc2f618dd54ca8739b309ec4fc024de578b",
        "type": "github"
      },
      "original": {
        "owner": "numtide",
        "repo": "flake-utils",
        "type": "github"
      }
    },
    "gomod2nix": {
      "inputs": {
        "flake-utils": "flake-utils",
        "nixpkgs": [
          "nixpkgs"
        ]
      },
      "locked": {
        "lastModified": 1763982521,
        "narHash": "sha256-ur4QIAHwgFc0vXiaxn5No/FuZicxBr2p0gmT54xZkUQ=",
        "owner": "nix-community",
        "repo": "gomod2nix",
        "rev": "02e63a239d6eabd595db56852535992c898eba72",
        "type": "github"
      },
      "original": {
        "owner": "nix-community",
        "repo": "gomod2nix",
        "type": "github"
      }
    },
    "htmx-src": {
      "flake": false,
      "locked": {
        "narHash": "sha256-nm6avZuEBg67SSyyZUhjpXVNstHHgUxrtBHqJgowU08=",
        "type": "file",
        "url": "https://unpkg.com/htmx.org@2.0.4/dist/htmx.min.js"
      },
      "original": {
        "type": "file",
        "url": "https://unpkg.com/htmx.org@2.0.4/dist/htmx.min.js"
      }
    },
    "htmx-ws-src": {
      "flake": false,
      "locked": {
        "narHash": "sha256-2fg6KyEJoO24q0fQqbz9RMaYNPQrMwpZh29tkSqdqGY=",
        "type": "file",
        "url": "https://cdn.jsdelivr.net/npm/htmx-ext-ws@2.0.2"
      },
      "original": {
        "type": "file",
        "url": "https://cdn.jsdelivr.net/npm/htmx-ext-ws@2.0.2"
      }
    },
    "ibm-plex-mono-src": {
      "flake": false,
      "locked": {
        "lastModified": 1731402384,
        "narHash": "sha256-OwUmrPfEehLDz0fl2ChYLK8FQM2p0G1+EMrGsYEq+6g=",
        "type": "tarball",
        "url": "https://github.com/IBM/plex/releases/download/@ibm/plex-mono@1.1.0/ibm-plex-mono.zip"
      },
      "original": {
        "type": "tarball",
        "url": "https://github.com/IBM/plex/releases/download/@ibm/plex-mono@1.1.0/ibm-plex-mono.zip"
      }
    },
    "indigo": {
      "flake": false,
      "locked": {
        "lastModified": 1753693716,
        "narHash": "sha256-DMIKnCJRODQXEHUxA+7mLzRALmnZhkkbHlFT2rCQYrE=",
        "owner": "oppiliappan",
        "repo": "indigo",
        "rev": "5f170569da9360f57add450a278d73538092d8ca",
        "type": "github"
      },
      "original": {
        "owner": "oppiliappan",
        "repo": "indigo",
        "type": "github"
      }
    },
    "inter-fonts-src": {
      "flake": false,
      "locked": {
        "lastModified": 1731687360,
        "narHash": "sha256-5vdKKvHAeZi6igrfpbOdhZlDX2/5+UvzlnCQV6DdqoQ=",
        "type": "tarball",
        "url": "https://github.com/rsms/inter/releases/download/v4.1/Inter-4.1.zip"
      },
      "original": {
        "type": "tarball",
        "url": "https://github.com/rsms/inter/releases/download/v4.1/Inter-4.1.zip"
      }
    },
    "lucide-src": {
      "flake": false,
      "locked": {
        "lastModified": 1754044466,
        "narHash": "sha256-+exBR2OToB1iv7ZQI2S4B0lXA/QRvC9n6U99UxGpJGs=",
        "type": "tarball",
        "url": "https://github.com/lucide-icons/lucide/releases/download/0.536.0/lucide-icons-0.536.0.zip"
      },
      "original": {
        "type": "tarball",
        "url": "https://github.com/lucide-icons/lucide/releases/download/0.536.0/lucide-icons-0.536.0.zip"
      }
    },
    "mermaid-src": {
      "flake": false,
      "locked": {
        "narHash": "sha256-/YOdECG2V5c3kJ1QfGvhziTT6K/Dx/4mOk2mr3Fs/do=",
        "type": "file",
        "url": "https://cdn.jsdelivr.net/npm/mermaid@11.12.3/dist/mermaid.min.js"
      },
      "original": {
        "type": "file",
        "url": "https://cdn.jsdelivr.net/npm/mermaid@11.12.3/dist/mermaid.min.js"
      }
    },
    "nixpkgs": {
      "locked": {
        "lastModified": 1771848320,
        "narHash": "sha256-0MAd+0mun3K/Ns8JATeHT1sX28faLII5hVLq0L3BdZU=",
        "owner": "nixos",
        "repo": "nixpkgs",
        "rev": "2fc6539b481e1d2569f25f8799236694180c0993",
        "type": "github"
      },
      "original": {
        "owner": "nixos",
        "ref": "nixos-unstable",
        "repo": "nixpkgs",
        "type": "github"
      }
    },
    "root": {
      "inputs": {
        "actor-typeahead-src": "actor-typeahead-src",
        "fenix": "fenix",
        "flake-compat": "flake-compat",
        "gomod2nix": "gomod2nix",
        "htmx-src": "htmx-src",
        "htmx-ws-src": "htmx-ws-src",
        "ibm-plex-mono-src": "ibm-plex-mono-src",
        "indigo": "indigo",
        "inter-fonts-src": "inter-fonts-src",
        "lucide-src": "lucide-src",
        "mermaid-src": "mermaid-src",
        "nixpkgs": "nixpkgs",
        "sqlite-lib-src": "sqlite-lib-src"
      }
    },
    "rust-analyzer-src": {
      "flake": false,
      "locked": {
        "lastModified": 1772094427,
        "narHash": "sha256-TiVs6OUBJEvajHdJZ5nIq0KognNJooUWuLGPFfQacSw=",
        "owner": "rust-lang",
        "repo": "rust-analyzer",
        "rev": "56b59a832858329c2f947f9b7bdf1a49da39c981",
        "type": "github"
      },
      "original": {
        "owner": "rust-lang",
        "ref": "nightly",
        "repo": "rust-analyzer",
        "type": "github"
      }
    },
    "sqlite-lib-src": {
      "flake": false,
      "locked": {
        "lastModified": 1706631843,
        "narHash": "sha256-bJoMjirsBjm2Qk9KPiy3yV3+8b/POlYe76/FQbciHro=",
        "type": "tarball",
        "url": "https://sqlite.org/2024/sqlite-amalgamation-3450100.zip"
      },
      "original": {
        "type": "tarball",
        "url": "https://sqlite.org/2024/sqlite-amalgamation-3450100.zip"
      }
    },
    "systems": {
      "locked": {
        "lastModified": 1681028828,
        "narHash": "sha256-Vy1rq5AaRuLzOxct8nz4T6wlgyUR7zLU309k9mBC768=",
        "owner": "nix-systems",
        "repo": "default",
        "rev": "da67096a3b9bf56a91d16901293e51ba5b49a27e",
        "type": "github"
      },
      "original": {
        "owner": "nix-systems",
        "repo": "default",
        "type": "github"
      }
    }
  },
  "root": "root",
  "version": 7
}
